
Microsoft Visual Studio Solution File, Format Version 12.00
# Visual Studio Version 16
VisualStudioVersion = 16.0.30204.135
MinimumVisualStudioVersion = 10.0.40219.1
Project("{FAE04EC0-301F-11D3-BF4B-00C04F79EFBC}") = "KnifeAndSpoon", "KnifeAndSpoon\KnifeAndSpoon.csproj", "{263209CF-8B96-43C1-A71F-757C357D7180}"
EndProject
Global
	GlobalSection(SolutionConfigurationPlatforms) = preSolution
		Debug|Any CPU = Debug|Any CPU
		Release|Any CPU = Release|Any CPU
	EndGlobalSection
	GlobalSection(ProjectConfigurationPlatforms) = postSolution
		{263209CF-8B96-43C1-A71F-757C357D7180}.Debug|Any CPU.ActiveCfg = Debug|Any CPU
		{263209CF-8B96-43C1-A71F-757C357D7180}.Debug|Any CPU.Build.0 = Debug|Any CPU
		{263209CF-8B96-43C1-A71F-757C357D7180}.Debug|Any CPU.Deploy.0 = Debug|Any CPU
		{263209CF-8B96-43C1-A71F-757C357D7180}.Release|Any CPU.ActiveCfg = Release|Any CPU
		{263209CF-8B96-43C1-A71F-757C357D7180}.Release|Any CPU.Build.0 = Release|Any CPU
		{263209CF-8B96-43C1-A71F-757C357D7180}.Release|Any CPU.Deploy.0 = Release|Any CPU
	EndGlobalSection
	GlobalSection(SolutionProperties) = preSolution
		HideSolutionNode = FALSE
	EndGlobalSection
	GlobalSection(ExtensibilityGlobals) = postSolution
		SolutionGuid = {C669CB01-BB93-4820-B743-C5BC6C1A3E62}
	EndGlobalSection
EndGlobal
